
Microsoft Visual Studio Solution File, Format Version 12.00
# Visual Studio Version 16
VisualStudioVersion = 16.0.30907.101
MinimumVisualStudioVersion = 10.0.40219.1
Project("{FAE04EC0-301F-11D3-BF4B-00C04F79EFBC}") = "DirCleaner", "DirCleaner.csproj", "{81F23ED9-7F15-4DAC-8F25-D2BF613109BC}"
EndProject
Global
	GlobalSection(SolutionConfigurationPlatforms) = preSolution
		Debug|Any CPU = Debug|Any CPU
		Release|Any CPU = Release|Any CPU
	EndGlobalSection
	GlobalSection(ProjectConfigurationPlatforms) = postSolution
		{81F23ED9-7F15-4DAC-8F25-D2BF613109BC}.Debug|Any CPU.ActiveCfg = Debug|Any CPU
		{81F23ED9-7F15-4DAC-8F25-D2BF613109BC}.Debug|Any CPU.Build.0 = Debug|Any CPU
		{81F23ED9-7F15-4DAC-8F25-D2BF613109BC}.Release|Any CPU.ActiveCfg = Release|Any CPU
		{81F23ED9-7F15-4DAC-8F25-D2BF613109BC}.Release|Any CPU.Build.0 = Release|Any CPU
	EndGlobalSection
	GlobalSection(SolutionProperties) = preSolution
		HideSolutionNode = FALSE
	EndGlobalSection
	GlobalSection(ExtensibilityGlobals) = postSolution
		SolutionGuid = {E9EB85D7-0FF3-4818-959B-67AFCB78A03B}
	EndGlobalSection
EndGlobal
